// !$*UTF8*$!
{
	archiveVersion = 1;
	classes = {
	};
	objectVersion = 56;
	objects = {

/* Begin PBXBuildFile section */
		E46E0C422AC47B0300FA71FC /* Planetania.swift in Sources */ = {isa = PBXBuildFile; fileRef = E46E0C412AC47B0300FA71FC /* Planetania.swift */; };
		E46E0C482AC47B4900FA71FC /* PlanetView.swift in Sources */ = {isa = PBXBuildFile; fileRef = E46E0C472AC47B4900FA71FC /* PlanetView.swift */; };
		E46E0C4A2AC47C1000FA71FC /* Assets.xcassets in Resources */ = {isa = PBXBuildFile; fileRef = E46E0C492AC47C1000FA71FC /* Assets.xcassets */; };
		E4CB35282AC3912100C6C292 /* Preview Assets.xcassets in Resources */ = {isa = PBXBuildFile; fileRef = E4CB35272AC3912100C6C292 /* Preview Assets.xcassets */; };
		E4CB35312AC3A61900C6C292 /* AnimationTicker.swift in Sources */ = {isa = PBXBuildFile; fileRef = E4CB35302AC3A61900C6C292 /* AnimationTicker.swift */; };
		E4F3C4CD2AC4804000251974 /* PlanetScene.swift in Sources */ = {isa = PBXBuildFile; fileRef = E4F3C4CC2AC4804000251974 /* PlanetScene.swift */; };
/* End PBXBuildFile section */

/* Begin PBXFileReference section */
		E46E0C412AC47B0300FA71FC /* Planetania.swift */ = {isa = PBXFileReference; fileEncoding = 4; lastKnownFileType = sourcecode.swift; name = Planetania.swift; path = ../../Planetania/Planetania/Planetania.swift; sourceTree = "<group>"; };
		E46E0C472AC47B4900FA71FC /* PlanetView.swift */ = {isa = PBXFileReference; fileEncoding = 4; lastKnownFileType = sourcecode.swift; name = PlanetView.swift; path = ../../Planetania/Planetania/PlanetView.swift; sourceTree = "<group>"; };
		E46E0C492AC47C1000FA71FC /* Assets.xcassets */ = {isa = PBXFileReference; lastKnownFileType = folder.assetcatalog; name = Assets.xcassets; path = ../../Planetania/Planetania/Assets.xcassets; sourceTree = "<group>"; };
		E4CB351D2AC3912100C6C292 /* 3DModel-Venus-Rotational-SceneKit.app */ = {isa = PBXFileReference; explicitFileType = wrapper.application; includeInIndex = 0; path = "3DModel-Venus-Rotational-SceneKit.app"; sourceTree = BUILT_PRODUCTS_DIR; };
		E4CB35272AC3912100C6C292 /* Preview Assets.xcassets */ = {isa = PBXFileReference; lastKnownFileType = folder.assetcatalog; path = "Preview Assets.xcassets"; sourceTree = "<group>"; };
		E4CB35302AC3A61900C6C292 /* AnimationTicker.swift */ = {isa = PBXFileReference; lastKnownFileType = sourcecode.swift; path = AnimationTicker.swift; sourceTree = "<group>"; };
		E4F3C4CC2AC4804000251974 /* PlanetScene.swift */ = {isa = PBXFileReference; lastKnownFileType = sourcecode.swift; path = PlanetScene.swift; sourceTree = "<group>"; };
/* End PBXFileReference section */

/* Begin PBXFrameworksBuildPhase section */
		E4CB351A2AC3912000C6C292 /* Frameworks */ = {
			isa = PBXFrameworksBuildPhase;
			buildActionMask = 2147483647;
			files = (
			);
			runOnlyForDeploymentPostprocessing = 0;
		};
/* End PBXFrameworksBuildPhase section */

/* Begin PBXGroup section */
		E4CB35142AC3912000C6C292 = {
			isa = PBXGroup;
			children = (
				E4CB351F2AC3912100C6C292 /* 3DModel-Venus-Rotational-SceneKit */,
				E4CB351E2AC3912100C6C292 /* Products */,
			);
			sourceTree = "<group>";
		};
		E4CB351E2AC3912100C6C292 /* Products */ = {
			isa = PBXGroup;
			children = (
				E4CB351D2AC3912100C6C292 /* 3DModel-Venus-Rotational-SceneKit.app */,
			);
			name = Products;
			sourceTree = "<group>";
		};
		E4CB351F2AC3912100C6C292 /* 3DModel-Venus-Rotational-SceneKit */ = {
			isa = PBXGroup;
			children = (
				E46E0C412AC47B0300FA71FC /* Planetania.swift */,
				E4F3C4CC2AC4804000251974 /* PlanetScene.swift */,
				E46E0C472AC47B4900FA71FC /* PlanetView.swift */,
				E4CB35302AC3A61900C6C292 /* AnimationTicker.swift */,
				E46E0C492AC47C1000FA71FC /* Assets.xcassets */,
				E4CB35262AC3912100C6C292 /* Preview Content */,
			);
			path = "3DModel-Venus-Rotational-SceneKit";
			sourceTree = "<group>";
		};
		E4CB35262AC3912100C6C292 /* Preview Content */ = {
			isa = PBXGroup;
			children = (
				E4CB35272AC3912100C6C292 /* Preview Assets.xcassets */,
			);
			path = "Preview Content";
			sourceTree = "<group>";
		};
/* End PBXGroup section */

/* Begin PBXNativeTarget section */
		E4CB351C2AC3912000C6C292 /* 3DModel-Venus-Rotational-SceneKit */ = {
			isa = PBXNativeTarget;
			buildConfigurationList = E4CB352B2AC3912100C6C292 /* Build configuration list for PBXNativeTarget "3DModel-Venus-Rotational-SceneKit" */;
			buildPhases = (
				E4CB35192AC3912000C6C292 /* Sources */,
				E4CB351A2AC3912000C6C292 /* Frameworks */,
				E4CB351B2AC3912000C6C292 /* Resources */,
			);
			buildRules = (
			);
			dependencies = (
			);
			name = "3DModel-Venus-Rotational-SceneKit";
			productName = "3DModel-Venus-Rotational-SceneKit";
			productReference = E4CB351D2AC3912100C6C292 /* 3DModel-Venus-Rotational-SceneKit.app */;
			productType = "com.apple.product-type.application";
		};
/* End PBXNativeTarget section */

/* Begin PBXProject section */
		E4CB35152AC3912000C6C292 /* Project object */ = {
			isa = PBXProject;
			attributes = {
				BuildIndependentTargetsInParallel = 1;
				LastSwiftUpdateCheck = 1500;
				LastUpgradeCheck = 1500;
				TargetAttributes = {
					E4CB351C2AC3912000C6C292 = {
						CreatedOnToolsVersion = 15.0;
					};
				};
			};
			buildConfigurationList = E4CB35182AC3912000C6C292 /* Build configuration list for PBXProject "3DModel-Venus-Rotational-SceneKit" */;
			compatibilityVersion = "Xcode 14.0";
			developmentRegion = en;
			hasScannedForEncodings = 0;
			knownRegions = (
				en,
				Base,
			);
			mainGroup = E4CB35142AC3912000C6C292;
			productRefGroup = E4CB351E2AC3912100C6C292 /* Products */;
			projectDirPath = "";
			projectRoot = "";
			targets = (
				E4CB351C2AC3912000C6C292 /* 3DModel-Venus-Rotational-SceneKit */,
			);
		};
/* End PBXProject section */

/* Begin PBXResourcesBuildPhase section */
		E4CB351B2AC3912000C6C292 /* Resources */ = {
			isa = PBXResourcesBuildPhase;
			buildActionMask = 2147483647;
			files = (
				E4CB35282AC3912100C6C292 /* Preview Assets.xcassets in Resources */,
				E46E0C4A2AC47C1000FA71FC /* Assets.xcassets in Resources */,
			);
			runOnlyForDeploymentPostprocessing = 0;
		};
/* End PBXResourcesBuildPhase section */

/* Begin PBXSourcesBuildPhase section */
		E4CB35192AC3912000C6C292 /* Sources */ = {
			isa = PBXSourcesBuildPhase;
			buildActionMask = 2147483647;
			files = (
				E46E0C422AC47B0300FA71FC /* Planetania.swift in Sources */,
				E4CB35312AC3A61900C6C292 /* AnimationTicker.swift in Sources */,
				E4F3C4CD2AC4804000251974 /* PlanetScene.swift in Sources */,
				E46E0C482AC47B4900FA71FC /* PlanetView.swift in Sources */,
			);
			runOnlyForDeploymentPostprocessing = 0;
		};
/* End PBXSourcesBuildPhase section */

/* Begin XCBuildConfiguration section */
		E4CB35292AC3912100C6C292 /* Debug */ = {
			isa = XCBuildConfiguration;
			buildSettings = {
				ALWAYS_SEARCH_USER_PATHS = NO;
				ASSETCATALOG_COMPILER_GENERATE_SWIFT_ASSET_SYMBOL_EXTENSIONS = YES;
				CLANG_ANALYZER_NONNULL = YES;
				CLANG_ANALYZER_NUMBER_OBJECT_CONVERSION = YES_AGGRESSIVE;
				CLANG_CXX_LANGUAGE_STANDARD = "gnu++20";
				CLANG_ENABLE_MODULES = YES;
				CLANG_ENABLE_OBJC_ARC = YES;
				CLANG_ENABLE_OBJC_WEAK = YES;
				CLANG_WARN_BLOCK_CAPTURE_AUTORELEASING = YES;
				CLANG_WARN_BOOL_CONVERSION = YES;
				CLANG_WARN_COMMA = YES;
				CLANG_WARN_CONSTANT_CONVERSION = YES;
				CLANG_WARN_DEPRECATED_OBJC_IMPLEMENTATIONS = YES;
				CLANG_WARN_DIRECT_OBJC_ISA_USAGE = YES_ERROR;
				CLANG_WARN_DOCUMENTATION_COMMENTS = YES;
				CLANG_WARN_EMPTY_BODY = YES;
				CLANG_WARN_ENUM_CONVERSION = YES;
				CLANG_WARN_INFINITE_RECURSION = YES;
				CLANG_WARN_INT_CONVERSION = YES;
				CLANG_WARN_NON_LITERAL_NULL_CONVERSION = YES;
				CLANG_WARN_OBJC_IMPLICIT_RETAIN_SELF = YES;
				CLANG_WARN_OBJC_LITERAL_CONVERSION = YES;
				CLANG_WARN_OBJC_ROOT_CLASS = YES_ERROR;
				CLANG_WARN_QUOTED_INCLUDE_IN_FRAMEWORK_HEADER = YES;
				CLANG_WARN_RANGE_LOOP_ANALYSIS = YES;
				CLANG_WARN_STRICT_PROTOTYPES = YES;
				CLANG_WARN_SUSPICIOUS_MOVE = YES;
				CLANG_WARN_UNGUARDED_AVAILABILITY = YES_AGGRESSIVE;
				CLANG_WARN_UNREACHABLE_CODE = YES;
				CLANG_WARN__DUPLICATE_METHOD_MATCH = YES;
				COPY_PHASE_STRIP = NO;
				DEBUG_INFORMATION_FORMAT = dwarf;
				ENABLE_STRICT_OBJC_MSGSEND = YES;
				ENABLE_TESTABILITY = YES;
				ENABLE_USER_SCRIPT_SANDBOXING = YES;
				GCC_C_LANGUAGE_STANDARD = gnu17;
				GCC_DYNAMIC_NO_PIC = NO;
				GCC_NO_COMMON_BLOCKS = YES;
				GCC_OPTIMIZATION_LEVEL = 0;
				GCC_PREPROCESSOR_DEFINITIONS = (
					"DEBUG=1",
					"$(inherited)",
				);
				GCC_WARN_64_TO_32_BIT_CONVERSION = YES;
				GCC_WARN_ABOUT_RETURN_TYPE = YES_ERROR;
				GCC_WARN_UNDECLARED_SELECTOR = YES;
				GCC_WARN_UNINITIALIZED_AUTOS = YES_AGGRESSIVE;
				GCC_WARN_UNUSED_FUNCTION = YES;
				GCC_WARN_UNUSED_VARIABLE = YES;
				IPHONEOS_DEPLOYMENT_TARGET = 17.0;
				LOCALIZATION_PREFERS_STRING_CATALOGS = YES;
				MTL_ENABLE_DEBUG_INFO = INCLUDE_SOURCE;
				MTL_FAST_MATH = YES;
				ONLY_ACTIVE_ARCH = YES;
				SDKROOT = iphoneos;
				SWIFT_ACTIVE_COMPILATION_CONDITIONS = "DEBUG $(inherited)";
				SWIFT_OPTIMIZATION_LEVEL = "-Onone";
			};
			name = Debug;
		};
		E4CB352A2AC3912100C6C292 /* Release */ = {
			isa = XCBuildConfiguration;
			buildSettings = {
				ALWAYS_SEARCH_USER_PATHS = NO;
				ASSETCATALOG_COMPILER_GENERATE_SWIFT_ASSET_SYMBOL_EXTENSIONS = YES;
				CLANG_ANALYZER_NONNULL = YES;
				CLANG_ANALYZER_NUMBER_OBJECT_CONVERSION = YES_AGGRESSIVE;
				CLANG_CXX_LANGUAGE_STANDARD = "gnu++20";
				CLANG_ENABLE_MODULES = YES;
				CLANG_ENABLE_OBJC_ARC = YES;
				CLANG_ENABLE_OBJC_WEAK = YES;
				CLANG_WARN_BLOCK_CAPTURE_AUTORELEASING = YES;
				CLANG_WARN_BOOL_CONVERSION = YES;
				CLANG_WARN_COMMA = YES;
				CLANG_WARN_CONSTANT_CONVERSION = YES;
				CLANG_WARN_DEPRECATED_OBJC_IMPLEMENTATIONS = YES;
				CLANG_WARN_DIRECT_OBJC_ISA_USAGE = YES_ERROR;
				CLANG_WARN_DOCUMENTATION_COMMENTS = YES;
				CLANG_WARN_EMPTY_BODY = YES;
				CLANG_WARN_ENUM_CONVERSION = YES;
				CLANG_WARN_INFINITE_RECURSION = YES;
				CLANG_WARN_INT_CONVERSION = YES;
				CLANG_WARN_NON_LITERAL_NULL_CONVERSION = YES;
				CLANG_WARN_OBJC_IMPLICIT_RETAIN_SELF = YES;
				CLANG_WARN_OBJC_LITERAL_CONVERSION = YES;
				CLANG_WARN_OBJC_ROOT_CLASS = YES_ERROR;
				CLANG_WARN_QUOTED_INCLUDE_IN_FRAMEWORK_HEADER = YES;
				CLANG_WARN_RANGE_LOOP_ANALYSIS = YES;
				CLANG_WARN_STRICT_PROTOTYPES = YES;
				CLANG_WARN_SUSPICIOUS_MOVE = YES;
				CLANG_WARN_UNGUARDED_AVAILABILITY = YES_AGGRESSIVE;
				CLANG_WARN_UNREACHABLE_CODE = YES;
				CLANG_WARN__DUPLICATE_METHOD_MATCH = YES;
				COPY_PHASE_STRIP = NO;
				DEBUG_INFORMATION_FORMAT = "dwarf-with-dsym";
				ENABLE_NS_ASSERTIONS = NO;
				ENABLE_STRICT_OBJC_MSGSEND = YES;
				ENABLE_USER_SCRIPT_SANDBOXING = YES;
				GCC_C_LANGUAGE_STANDARD = gnu17;
				GCC_NO_COMMON_BLOCKS = YES;
				GCC_WARN_64_TO_32_BIT_CONVERSION = YES;
				GCC_WARN_ABOUT_RETURN_TYPE = YES_ERROR;
				GCC_WARN_UNDECLARED_SELECTOR = YES;
				GCC_WARN_UNINITIALIZED_AUTOS = YES_AGGRESSIVE;
				GCC_WARN_UNUSED_FUNCTION = YES;
				GCC_WARN_UNUSED_VARIABLE = YES;
				IPHONEOS_DEPLOYMENT_TARGET = 17.0;
				LOCALIZATION_PREFERS_STRING_CATALOGS = YES;
				MTL_ENABLE_DEBUG_INFO = NO;
				MTL_FAST_MATH = YES;
				SDKROOT = iphoneos;
				SWIFT_COMPILATION_MODE = wholemodule;
				VALIDATE_PRODUCT = YES;
			};
			name = Release;
		};
		E4CB352C2AC3912100C6C292 /* Debug */ = {
			isa = XCBuildConfiguration;
			buildSettings = {
				ASSETCATALOG_COMPILER_APPICON_NAME = AppIcon;
				ASSETCATALOG_COMPILER_GLOBAL_ACCENT_COLOR_NAME = AccentColor;
				CODE_SIGN_STYLE = Automatic;
				CURRENT_PROJECT_VERSION = 1;
				DEVELOPMENT_ASSET_PATHS = "\"3DModel-Venus-Rotational-SceneKit/Preview Content\"";
				ENABLE_PREVIEWS = YES;
				GENERATE_INFOPLIST_FILE = YES;
				INFOPLIST_KEY_UIApplicationSceneManifest_Generation = YES;
				INFOPLIST_KEY_UIApplicationSupportsIndirectInputEvents = YES;
				INFOPLIST_KEY_UILaunchScreen_Generation = YES;
				INFOPLIST_KEY_UISupportedInterfaceOrientations_iPad = "UIInterfaceOrientationPortrait UIInterfaceOrientationPortraitUpsideDown UIInterfaceOrientationLandscapeLeft UIInterfaceOrientationLandscapeRight";
				INFOPLIST_KEY_UISupportedInterfaceOrientations_iPhone = "UIInterfaceOrientationPortrait UIInterfaceOrientationLandscapeLeft UIInterfaceOrientationLandscapeRight";
				LD_RUNPATH_SEARCH_PATHS = (
					"$(inherited)",
					"@executable_path/Frameworks",
				);
				MARKETING_VERSION = 1.0;
				PRODUCT_BUNDLE_IDENTIFIER = "SM1997.-DModel-Venus-Rotational-SceneKit";
				PRODUCT_NAME = "$(TARGET_NAME)";
				SWIFT_EMIT_LOC_STRINGS = YES;
				SWIFT_VERSION = 5.0;
				TARGETED_DEVICE_FAMILY = "1,2";
			};
			name = Debug;
		};
		E4CB352D2AC3912100C6C292 /* Release */ = {
			isa = XCBuildConfiguration;
			buildSettings = {
				ASSETCATALOG_COMPILER_APPICON_NAME = AppIcon;
				ASSETCATALOG_COMPILER_GLOBAL_ACCENT_COLOR_NAME = AccentColor;
				CODE_SIGN_STYLE = Automatic;
				CURRENT_PROJECT_VERSION = 1;
				DEVELOPMENT_ASSET_PATHS = "\"3DModel-Venus-Rotational-SceneKit/Preview Content\"";
				ENABLE_PREVIEWS = YES;
				GENERATE_INFOPLIST_FILE = YES;
				INFOPLIST_KEY_UIApplicationSceneManifest_Generation = YES;
				INFOPLIST_KEY_UIApplicationSupportsIndirectInputEvents = YES;
				INFOPLIST_KEY_UILaunchScreen_Generation = YES;
				INFOPLIST_KEY_UISupportedInterfaceOrientations_iPad = "UIInterfaceOrientationPortrait UIInterfaceOrientationPortraitUpsideDown UIInterfaceOrientationLandscapeLeft UIInterfaceOrientationLandscapeRight";
				INFOPLIST_KEY_UISupportedInterfaceOrientations_iPhone = "UIInterfaceOrientationPortrait UIInterfaceOrientationLandscapeLeft UIInterfaceOrientationLandscapeRight";
				LD_RUNPATH_SEARCH_PATHS = (
					"$(inherited)",
					"@executable_path/Frameworks",
				);
				MARKETING_VERSION = 1.0;
				PRODUCT_BUNDLE_IDENTIFIER = "SM1997.-DModel-Venus-Rotational-SceneKit";
				PRODUCT_NAME = "$(TARGET_NAME)";
				SWIFT_EMIT_LOC_STRINGS = YES;
				SWIFT_VERSION = 5.0;
				TARGETED_DEVICE_FAMILY = "1,2";
			};
			name = Release;
		};
/* End XCBuildConfiguration section */

/* Begin XCConfigurationList section */
		E4CB35182AC3912000C6C292 /* Build configuration list for PBXProject "3DModel-Venus-Rotational-SceneKit" */ = {
			isa = XCConfigurationList;
			buildConfigurations = (
				E4CB35292AC3912100C6C292 /* Debug */,
				E4CB352A2AC3912100C6C292 /* Release */,
			);
			defaultConfigurationIsVisible = 0;
			defaultConfigurationName = Release;
		};
		E4CB352B2AC3912100C6C292 /* Build configuration list for PBXNativeTarget "3DModel-Venus-Rotational-SceneKit" */ = {
			isa = XCConfigurationList;
			buildConfigurations = (
				E4CB352C2AC3912100C6C292 /* Debug */,
				E4CB352D2AC3912100C6C292 /* Release */,
			);
			defaultConfigurationIsVisible = 0;
			defaultConfigurationName = Release;
		};
/* End XCConfigurationList section */
	};
	rootObject = E4CB35152AC3912000C6C292 /* Project object */;
}
